
Microsoft Visual Studio Solution File, Format Version 12.00
# Visual Studio Version 17
VisualStudioVersion = 17.3.32922.545
MinimumVisualStudioVersion = 10.0.40219.1
Project("{FAE04EC0-301F-11D3-BF4B-00C04F79EFBC}") = "testingtooslMidtermHO", "testingtooslMidtermHO.csproj", "{A3729AA9-9505-41B8-8575-51D9544CDDDD}"
EndProject
Project("{FAE04EC0-301F-11D3-BF4B-00C04F79EFBC}") = "testingtoolsMidtermHO.tests", "..\midtermMSTesting\testingtoolsMidtermHO.tests.csproj", "{147494FD-B095-4301-B0DE-021502757F01}"
EndProject
Global
	GlobalSection(SolutionConfigurationPlatforms) = preSolution
		Debug|Any CPU = Debug|Any CPU
		Release|Any CPU = Release|Any CPU
	EndGlobalSection
	GlobalSection(ProjectConfigurationPlatforms) = postSolution
		{A3729AA9-9505-41B8-8575-51D9544CDDDD}.Debug|Any CPU.ActiveCfg = Debug|Any CPU
		{A3729AA9-9505-41B8-8575-51D9544CDDDD}.Debug|Any CPU.Build.0 = Debug|Any CPU
		{A3729AA9-9505-41B8-8575-51D9544CDDDD}.Release|Any CPU.ActiveCfg = Release|Any CPU
		{A3729AA9-9505-41B8-8575-51D9544CDDDD}.Release|Any CPU.Build.0 = Release|Any CPU
		{147494FD-B095-4301-B0DE-021502757F01}.Debug|Any CPU.ActiveCfg = Debug|Any CPU
		{147494FD-B095-4301-B0DE-021502757F01}.Debug|Any CPU.Build.0 = Debug|Any CPU
		{147494FD-B095-4301-B0DE-021502757F01}.Release|Any CPU.ActiveCfg = Release|Any CPU
		{147494FD-B095-4301-B0DE-021502757F01}.Release|Any CPU.Build.0 = Release|Any CPU
	EndGlobalSection
	GlobalSection(SolutionProperties) = preSolution
		HideSolutionNode = FALSE
	EndGlobalSection
	GlobalSection(ExtensibilityGlobals) = postSolution
		SolutionGuid = {D314E5EB-10A7-4734-9377-2062314F9C99}
	EndGlobalSection
EndGlobal
